// !$*UTF8*$!
{
	archiveVersion = 1;
	classes = {
	};
	objectVersion = 56;
	objects = {

/* Begin PBXBuildFile section */
		6A7B24762B0DD6E800D780A2 /* MoviesListCell.swift in Sources */ = {isa = PBXBuildFile; fileRef = 6A7B24752B0DD6E800D780A2 /* MoviesListCell.swift */; };
		6A7B247A2B0DD71200D780A2 /* MovieModels.swift in Sources */ = {isa = PBXBuildFile; fileRef = 6A7B24792B0DD71200D780A2 /* MovieModels.swift */; };
		6A7B247C2B0DD72300D780A2 /* Genres.swift in Sources */ = {isa = PBXBuildFile; fileRef = 6A7B247B2B0DD72300D780A2 /* Genres.swift */; };
		6A7B247E2B0DD73000D780A2 /* HttpClient.swift in Sources */ = {isa = PBXBuildFile; fileRef = 6A7B247D2B0DD73000D780A2 /* HttpClient.swift */; };
		6A7B24822B0DD76300D780A2 /* Jomhuria.ttf in Resources */ = {isa = PBXBuildFile; fileRef = 6A7B24802B0DD76300D780A2 /* Jomhuria.ttf */; };
		6A7B24832B0DD76300D780A2 /* Inter.ttf in Resources */ = {isa = PBXBuildFile; fileRef = 6A7B24812B0DD76300D780A2 /* Inter.ttf */; };
		6A7B24872B0DDB3F00D780A2 /* Keys.swift in Sources */ = {isa = PBXBuildFile; fileRef = 6A7B24862B0DDB3F00D780A2 /* Keys.swift */; };
		6AC720282B0DD60900ABE15D /* AppDelegate.swift in Sources */ = {isa = PBXBuildFile; fileRef = 6AC720272B0DD60900ABE15D /* AppDelegate.swift */; };
		6AC7202A2B0DD60A00ABE15D /* SceneDelegate.swift in Sources */ = {isa = PBXBuildFile; fileRef = 6AC720292B0DD60A00ABE15D /* SceneDelegate.swift */; };
		6AC720312B0DD60B00ABE15D /* Assets.xcassets in Resources */ = {isa = PBXBuildFile; fileRef = 6AC720302B0DD60B00ABE15D /* Assets.xcassets */; };
		6AC720342B0DD60B00ABE15D /* LaunchScreen.storyboard in Resources */ = {isa = PBXBuildFile; fileRef = 6AC720322B0DD60B00ABE15D /* LaunchScreen.storyboard */; };
		6AC720412B0DD6BB00ABE15D /* MoviesList.swift in Sources */ = {isa = PBXBuildFile; fileRef = 6AC720402B0DD6BB00ABE15D /* MoviesList.swift */; };
/* End PBXBuildFile section */

/* Begin PBXFileReference section */
		6A7B24752B0DD6E800D780A2 /* MoviesListCell.swift */ = {isa = PBXFileReference; lastKnownFileType = sourcecode.swift; path = MoviesListCell.swift; sourceTree = "<group>"; };
		6A7B24792B0DD71200D780A2 /* MovieModels.swift */ = {isa = PBXFileReference; lastKnownFileType = sourcecode.swift; path = MovieModels.swift; sourceTree = "<group>"; };
		6A7B247B2B0DD72300D780A2 /* Genres.swift */ = {isa = PBXFileReference; lastKnownFileType = sourcecode.swift; path = Genres.swift; sourceTree = "<group>"; };
		6A7B247D2B0DD73000D780A2 /* HttpClient.swift */ = {isa = PBXFileReference; lastKnownFileType = sourcecode.swift; path = HttpClient.swift; sourceTree = "<group>"; };
		6A7B24802B0DD76300D780A2 /* Jomhuria.ttf */ = {isa = PBXFileReference; lastKnownFileType = file; path = Jomhuria.ttf; sourceTree = "<group>"; };
		6A7B24812B0DD76300D780A2 /* Inter.ttf */ = {isa = PBXFileReference; lastKnownFileType = file; path = Inter.ttf; sourceTree = "<group>"; };
		6A7B24862B0DDB3F00D780A2 /* Keys.swift */ = {isa = PBXFileReference; lastKnownFileType = sourcecode.swift; path = Keys.swift; sourceTree = "<group>"; };
		6AC720242B0DD60900ABE15D /* TMDB.app */ = {isa = PBXFileReference; explicitFileType = wrapper.application; includeInIndex = 0; path = TMDB.app; sourceTree = BUILT_PRODUCTS_DIR; };
		6AC720272B0DD60900ABE15D /* AppDelegate.swift */ = {isa = PBXFileReference; lastKnownFileType = sourcecode.swift; path = AppDelegate.swift; sourceTree = "<group>"; };
		6AC720292B0DD60A00ABE15D /* SceneDelegate.swift */ = {isa = PBXFileReference; lastKnownFileType = sourcecode.swift; path = SceneDelegate.swift; sourceTree = "<group>"; };
		6AC720302B0DD60B00ABE15D /* Assets.xcassets */ = {isa = PBXFileReference; lastKnownFileType = folder.assetcatalog; path = Assets.xcassets; sourceTree = "<group>"; };
		6AC720332B0DD60B00ABE15D /* Base */ = {isa = PBXFileReference; lastKnownFileType = file.storyboard; name = Base; path = Base.lproj/LaunchScreen.storyboard; sourceTree = "<group>"; };
		6AC720352B0DD60B00ABE15D /* Info.plist */ = {isa = PBXFileReference; lastKnownFileType = text.plist.xml; path = Info.plist; sourceTree = "<group>"; };
		6AC720402B0DD6BB00ABE15D /* MoviesList.swift */ = {isa = PBXFileReference; lastKnownFileType = sourcecode.swift; path = MoviesList.swift; sourceTree = "<group>"; };
/* End PBXFileReference section */

/* Begin PBXFrameworksBuildPhase section */
		6AC720212B0DD60900ABE15D /* Frameworks */ = {
			isa = PBXFrameworksBuildPhase;
			buildActionMask = 2147483647;
			files = (
			);
			runOnlyForDeploymentPostprocessing = 0;
		};
/* End PBXFrameworksBuildPhase section */

/* Begin PBXGroup section */
		6A7B247F2B0DD74700D780A2 /* Fonts */ = {
			isa = PBXGroup;
			children = (
				6A7B24812B0DD76300D780A2 /* Inter.ttf */,
				6A7B24802B0DD76300D780A2 /* Jomhuria.ttf */,
			);
			path = Fonts;
			sourceTree = "<group>";
		};
		6AC7201B2B0DD60900ABE15D = {
			isa = PBXGroup;
			children = (
				6AC720262B0DD60900ABE15D /* TMDB */,
				6A7B247F2B0DD74700D780A2 /* Fonts */,
				6AC720252B0DD60900ABE15D /* Products */,
			);
			sourceTree = "<group>";
		};
		6AC720252B0DD60900ABE15D /* Products */ = {
			isa = PBXGroup;
			children = (
				6AC720242B0DD60900ABE15D /* TMDB.app */,
			);
			name = Products;
			sourceTree = "<group>";
		};
		6AC720262B0DD60900ABE15D /* TMDB */ = {
			isa = PBXGroup;
			children = (
				6AC7203C2B0DD68B00ABE15D /* MoviesList */,
				6AC7203E2B0DD69700ABE15D /* Models */,
				6AC7203F2B0DD6A600ABE15D /* HTTPClient */,
				6AC7203B2B0DD64700ABE15D /* Supporting */,
				6AC720352B0DD60B00ABE15D /* Info.plist */,
			);
			path = TMDB;
			sourceTree = "<group>";
		};
		6AC7203B2B0DD64700ABE15D /* Supporting */ = {
			isa = PBXGroup;
			children = (
				6AC720272B0DD60900ABE15D /* AppDelegate.swift */,
				6AC720292B0DD60A00ABE15D /* SceneDelegate.swift */,
				6AC720302B0DD60B00ABE15D /* Assets.xcassets */,
				6AC720322B0DD60B00ABE15D /* LaunchScreen.storyboard */,
				6A7B24862B0DDB3F00D780A2 /* Keys.swift */,
			);
			path = Supporting;
			sourceTree = "<group>";
		};
		6AC7203C2B0DD68B00ABE15D /* MoviesList */ = {
			isa = PBXGroup;
			children = (
				6AC720402B0DD6BB00ABE15D /* MoviesList.swift */,
				6A7B24752B0DD6E800D780A2 /* MoviesListCell.swift */,
			);
			path = MoviesList;
			sourceTree = "<group>";
		};
		6AC7203E2B0DD69700ABE15D /* Models */ = {
			isa = PBXGroup;
			children = (
				6A7B24792B0DD71200D780A2 /* MovieModels.swift */,
				6A7B247B2B0DD72300D780A2 /* Genres.swift */,
			);
			path = Models;
			sourceTree = "<group>";
		};
		6AC7203F2B0DD6A600ABE15D /* HTTPClient */ = {
			isa = PBXGroup;
			children = (
				6A7B247D2B0DD73000D780A2 /* HttpClient.swift */,
			);
			path = HTTPClient;
			sourceTree = "<group>";
		};
/* End PBXGroup section */

/* Begin PBXNativeTarget section */
		6AC720232B0DD60900ABE15D /* TMDB */ = {
			isa = PBXNativeTarget;
			buildConfigurationList = 6AC720382B0DD60B00ABE15D /* Build configuration list for PBXNativeTarget "TMDB" */;
			buildPhases = (
				6AC720202B0DD60900ABE15D /* Sources */,
				6AC720212B0DD60900ABE15D /* Frameworks */,
				6AC720222B0DD60900ABE15D /* Resources */,
			);
			buildRules = (
			);
			dependencies = (
			);
			name = TMDB;
			productName = TMDB;
			productReference = 6AC720242B0DD60900ABE15D /* TMDB.app */;
			productType = "com.apple.product-type.application";
		};
/* End PBXNativeTarget section */

/* Begin PBXProject section */
		6AC7201C2B0DD60900ABE15D /* Project object */ = {
			isa = PBXProject;
			attributes = {
				BuildIndependentTargetsInParallel = 1;
				LastSwiftUpdateCheck = 1500;
				LastUpgradeCheck = 1500;
				TargetAttributes = {
					6AC720232B0DD60900ABE15D = {
						CreatedOnToolsVersion = 15.0.1;
					};
				};
			};
			buildConfigurationList = 6AC7201F2B0DD60900ABE15D /* Build configuration list for PBXProject "TMDB" */;
			compatibilityVersion = "Xcode 14.0";
			developmentRegion = en;
			hasScannedForEncodings = 0;
			knownRegions = (
				en,
				Base,
			);
			mainGroup = 6AC7201B2B0DD60900ABE15D;
			productRefGroup = 6AC720252B0DD60900ABE15D /* Products */;
			projectDirPath = "";
			projectRoot = "";
			targets = (
				6AC720232B0DD60900ABE15D /* TMDB */,
			);
		};
/* End PBXProject section */

/* Begin PBXResourcesBuildPhase section */
		6AC720222B0DD60900ABE15D /* Resources */ = {
			isa = PBXResourcesBuildPhase;
			buildActionMask = 2147483647;
			files = (
				6AC720342B0DD60B00ABE15D /* LaunchScreen.storyboard in Resources */,
				6A7B24832B0DD76300D780A2 /* Inter.ttf in Resources */,
				6AC720312B0DD60B00ABE15D /* Assets.xcassets in Resources */,
				6A7B24822B0DD76300D780A2 /* Jomhuria.ttf in Resources */,
			);
			runOnlyForDeploymentPostprocessing = 0;
		};
/* End PBXResourcesBuildPhase section */

/* Begin PBXSourcesBuildPhase section */
		6AC720202B0DD60900ABE15D /* Sources */ = {
			isa = PBXSourcesBuildPhase;
			buildActionMask = 2147483647;
			files = (
				6AC720282B0DD60900ABE15D /* AppDelegate.swift in Sources */,
				6A7B24872B0DDB3F00D780A2 /* Keys.swift in Sources */,
				6AC7202A2B0DD60A00ABE15D /* SceneDelegate.swift in Sources */,
				6A7B247A2B0DD71200D780A2 /* MovieModels.swift in Sources */,
				6A7B247C2B0DD72300D780A2 /* Genres.swift in Sources */,
				6A7B247E2B0DD73000D780A2 /* HttpClient.swift in Sources */,
				6A7B24762B0DD6E800D780A2 /* MoviesListCell.swift in Sources */,
				6AC720412B0DD6BB00ABE15D /* MoviesList.swift in Sources */,
			);
			runOnlyForDeploymentPostprocessing = 0;
		};
/* End PBXSourcesBuildPhase section */

/* Begin PBXVariantGroup section */
		6AC720322B0DD60B00ABE15D /* LaunchScreen.storyboard */ = {
			isa = PBXVariantGroup;
			children = (
				6AC720332B0DD60B00ABE15D /* Base */,
			);
			name = LaunchScreen.storyboard;
			sourceTree = "<group>";
		};
/* End PBXVariantGroup section */

/* Begin XCBuildConfiguration section */
		6AC720362B0DD60B00ABE15D /* Debug */ = {
			isa = XCBuildConfiguration;
			buildSettings = {
				ALWAYS_SEARCH_USER_PATHS = NO;
				ASSETCATALOG_COMPILER_GENERATE_SWIFT_ASSET_SYMBOL_EXTENSIONS = YES;
				CLANG_ANALYZER_NONNULL = YES;
				CLANG_ANALYZER_NUMBER_OBJECT_CONVERSION = YES_AGGRESSIVE;
				CLANG_CXX_LANGUAGE_STANDARD = "gnu++20";
				CLANG_ENABLE_MODULES = YES;
				CLANG_ENABLE_OBJC_ARC = YES;
				CLANG_ENABLE_OBJC_WEAK = YES;
				CLANG_WARN_BLOCK_CAPTURE_AUTORELEASING = YES;
				CLANG_WARN_BOOL_CONVERSION = YES;
				CLANG_WARN_COMMA = YES;
				CLANG_WARN_CONSTANT_CONVERSION = YES;
				CLANG_WARN_DEPRECATED_OBJC_IMPLEMENTATIONS = YES;
				CLANG_WARN_DIRECT_OBJC_ISA_USAGE = YES_ERROR;
				CLANG_WARN_DOCUMENTATION_COMMENTS = YES;
				CLANG_WARN_EMPTY_BODY = YES;
				CLANG_WARN_ENUM_CONVERSION = YES;
				CLANG_WARN_INFINITE_RECURSION = YES;
				CLANG_WARN_INT_CONVERSION = YES;
				CLANG_WARN_NON_LITERAL_NULL_CONVERSION = YES;
				CLANG_WARN_OBJC_IMPLICIT_RETAIN_SELF = YES;
				CLANG_WARN_OBJC_LITERAL_CONVERSION = YES;
				CLANG_WARN_OBJC_ROOT_CLASS = YES_ERROR;
				CLANG_WARN_QUOTED_INCLUDE_IN_FRAMEWORK_HEADER = YES;
				CLANG_WARN_RANGE_LOOP_ANALYSIS = YES;
				CLANG_WARN_STRICT_PROTOTYPES = YES;
				CLANG_WARN_SUSPICIOUS_MOVE = YES;
				CLANG_WARN_UNGUARDED_AVAILABILITY = YES_AGGRESSIVE;
				CLANG_WARN_UNREACHABLE_CODE = YES;
				CLANG_WARN__DUPLICATE_METHOD_MATCH = YES;
				COPY_PHASE_STRIP = NO;
				DEBUG_INFORMATION_FORMAT = dwarf;
				ENABLE_STRICT_OBJC_MSGSEND = YES;
				ENABLE_TESTABILITY = YES;
				ENABLE_USER_SCRIPT_SANDBOXING = YES;
				GCC_C_LANGUAGE_STANDARD = gnu17;
				GCC_DYNAMIC_NO_PIC = NO;
				GCC_NO_COMMON_BLOCKS = YES;
				GCC_OPTIMIZATION_LEVEL = 0;
				GCC_PREPROCESSOR_DEFINITIONS = (
					"DEBUG=1",
					"$(inherited)",
				);
				GCC_WARN_64_TO_32_BIT_CONVERSION = YES;
				GCC_WARN_ABOUT_RETURN_TYPE = YES_ERROR;
				GCC_WARN_UNDECLARED_SELECTOR = YES;
				GCC_WARN_UNINITIALIZED_AUTOS = YES_AGGRESSIVE;
				GCC_WARN_UNUSED_FUNCTION = YES;
				GCC_WARN_UNUSED_VARIABLE = YES;
				IPHONEOS_DEPLOYMENT_TARGET = 17.0;
				LOCALIZATION_PREFERS_STRING_CATALOGS = YES;
				MTL_ENABLE_DEBUG_INFO = INCLUDE_SOURCE;
				MTL_FAST_MATH = YES;
				ONLY_ACTIVE_ARCH = YES;
				SDKROOT = iphoneos;
				SWIFT_ACTIVE_COMPILATION_CONDITIONS = "DEBUG $(inherited)";
				SWIFT_OPTIMIZATION_LEVEL = "-Onone";
			};
			name = Debug;
		};
		6AC720372B0DD60B00ABE15D /* Release */ = {
			isa = XCBuildConfiguration;
			buildSettings = {
				ALWAYS_SEARCH_USER_PATHS = NO;
				ASSETCATALOG_COMPILER_GENERATE_SWIFT_ASSET_SYMBOL_EXTENSIONS = YES;
				CLANG_ANALYZER_NONNULL = YES;
				CLANG_ANALYZER_NUMBER_OBJECT_CONVERSION = YES_AGGRESSIVE;
				CLANG_CXX_LANGUAGE_STANDARD = "gnu++20";
				CLANG_ENABLE_MODULES = YES;
				CLANG_ENABLE_OBJC_ARC = YES;
				CLANG_ENABLE_OBJC_WEAK = YES;
				CLANG_WARN_BLOCK_CAPTURE_AUTORELEASING = YES;
				CLANG_WARN_BOOL_CONVERSION = YES;
				CLANG_WARN_COMMA = YES;
				CLANG_WARN_CONSTANT_CONVERSION = YES;
				CLANG_WARN_DEPRECATED_OBJC_IMPLEMENTATIONS = YES;
				CLANG_WARN_DIRECT_OBJC_ISA_USAGE = YES_ERROR;
				CLANG_WARN_DOCUMENTATION_COMMENTS = YES;
				CLANG_WARN_EMPTY_BODY = YES;
				CLANG_WARN_ENUM_CONVERSION = YES;
				CLANG_WARN_INFINITE_RECURSION = YES;
				CLANG_WARN_INT_CONVERSION = YES;
				CLANG_WARN_NON_LITERAL_NULL_CONVERSION = YES;
				CLANG_WARN_OBJC_IMPLICIT_RETAIN_SELF = YES;
				CLANG_WARN_OBJC_LITERAL_CONVERSION = YES;
				CLANG_WARN_OBJC_ROOT_CLASS = YES_ERROR;
				CLANG_WARN_QUOTED_INCLUDE_IN_FRAMEWORK_HEADER = YES;
				CLANG_WARN_RANGE_LOOP_ANALYSIS = YES;
				CLANG_WARN_STRICT_PROTOTYPES = YES;
				CLANG_WARN_SUSPICIOUS_MOVE = YES;
				CLANG_WARN_UNGUARDED_AVAILABILITY = YES_AGGRESSIVE;
				CLANG_WARN_UNREACHABLE_CODE = YES;
				CLANG_WARN__DUPLICATE_METHOD_MATCH = YES;
				COPY_PHASE_STRIP = NO;
				DEBUG_INFORMATION_FORMAT = "dwarf-with-dsym";
				ENABLE_NS_ASSERTIONS = NO;
				ENABLE_STRICT_OBJC_MSGSEND = YES;
				ENABLE_USER_SCRIPT_SANDBOXING = YES;
				GCC_C_LANGUAGE_STANDARD = gnu17;
				GCC_NO_COMMON_BLOCKS = YES;
				GCC_WARN_64_TO_32_BIT_CONVERSION = YES;
				GCC_WARN_ABOUT_RETURN_TYPE = YES_ERROR;
				GCC_WARN_UNDECLARED_SELECTOR = YES;
				GCC_WARN_UNINITIALIZED_AUTOS = YES_AGGRESSIVE;
				GCC_WARN_UNUSED_FUNCTION = YES;
				GCC_WARN_UNUSED_VARIABLE = YES;
				IPHONEOS_DEPLOYMENT_TARGET = 17.0;
				LOCALIZATION_PREFERS_STRING_CATALOGS = YES;
				MTL_ENABLE_DEBUG_INFO = NO;
				MTL_FAST_MATH = YES;
				SDKROOT = iphoneos;
				SWIFT_COMPILATION_MODE = wholemodule;
				VALIDATE_PRODUCT = YES;
			};
			name = Release;
		};
		6AC720392B0DD60B00ABE15D /* Debug */ = {
			isa = XCBuildConfiguration;
			buildSettings = {
				ASSETCATALOG_COMPILER_APPICON_NAME = AppIcon;
				ASSETCATALOG_COMPILER_GLOBAL_ACCENT_COLOR_NAME = AccentColor;
				CODE_SIGN_STYLE = Automatic;
				CURRENT_PROJECT_VERSION = 1;
				DEVELOPMENT_TEAM = N4RBA36MUP;
				GENERATE_INFOPLIST_FILE = YES;
				INFOPLIST_FILE = TMDB/Info.plist;
				INFOPLIST_KEY_UIApplicationSupportsIndirectInputEvents = YES;
				INFOPLIST_KEY_UILaunchStoryboardName = LaunchScreen;
				INFOPLIST_KEY_UISupportedInterfaceOrientations = UIInterfaceOrientationPortrait;
				INFOPLIST_KEY_UISupportedInterfaceOrientations_iPad = "UIInterfaceOrientationLandscapeLeft UIInterfaceOrientationLandscapeRight UIInterfaceOrientationPortrait UIInterfaceOrientationPortraitUpsideDown";
				LD_RUNPATH_SEARCH_PATHS = (
					"$(inherited)",
					"@executable_path/Frameworks",
				);
				MARKETING_VERSION = 1.0;
				PRODUCT_BUNDLE_IDENTIFIER = "Isaac-Higgins.TMDB";
				PRODUCT_NAME = "$(TARGET_NAME)";
				SUPPORTED_PLATFORMS = "iphoneos iphonesimulator";
				SUPPORTS_MACCATALYST = NO;
				SUPPORTS_MAC_DESIGNED_FOR_IPHONE_IPAD = NO;
				SWIFT_EMIT_LOC_STRINGS = YES;
				SWIFT_VERSION = 5.0;
				TARGETED_DEVICE_FAMILY = 1;
			};
			name = Debug;
		};
		6AC7203A2B0DD60B00ABE15D /* Release */ = {
			isa = XCBuildConfiguration;
			buildSettings = {
				ASSETCATALOG_COMPILER_APPICON_NAME = AppIcon;
				ASSETCATALOG_COMPILER_GLOBAL_ACCENT_COLOR_NAME = AccentColor;
				CODE_SIGN_STYLE = Automatic;
				CURRENT_PROJECT_VERSION = 1;
				DEVELOPMENT_TEAM = N4RBA36MUP;
				GENERATE_INFOPLIST_FILE = YES;
				INFOPLIST_FILE = TMDB/Info.plist;
				INFOPLIST_KEY_UIApplicationSupportsIndirectInputEvents = YES;
				INFOPLIST_KEY_UILaunchStoryboardName = LaunchScreen;
				INFOPLIST_KEY_UISupportedInterfaceOrientations = UIInterfaceOrientationPortrait;
				INFOPLIST_KEY_UISupportedInterfaceOrientations_iPad = "UIInterfaceOrientationLandscapeLeft UIInterfaceOrientationLandscapeRight UIInterfaceOrientationPortrait UIInterfaceOrientationPortraitUpsideDown";
				LD_RUNPATH_SEARCH_PATHS = (
					"$(inherited)",
					"@executable_path/Frameworks",
				);
				MARKETING_VERSION = 1.0;
				PRODUCT_BUNDLE_IDENTIFIER = "Isaac-Higgins.TMDB";
				PRODUCT_NAME = "$(TARGET_NAME)";
				SUPPORTED_PLATFORMS = "iphoneos iphonesimulator";
				SUPPORTS_MACCATALYST = NO;
				SUPPORTS_MAC_DESIGNED_FOR_IPHONE_IPAD = NO;
				SWIFT_EMIT_LOC_STRINGS = YES;
				SWIFT_VERSION = 5.0;
				TARGETED_DEVICE_FAMILY = 1;
			};
			name = Release;
		};
/* End XCBuildConfiguration section */

/* Begin XCConfigurationList section */
		6AC7201F2B0DD60900ABE15D /* Build configuration list for PBXProject "TMDB" */ = {
			isa = XCConfigurationList;
			buildConfigurations = (
				6AC720362B0DD60B00ABE15D /* Debug */,
				6AC720372B0DD60B00ABE15D /* Release */,
			);
			defaultConfigurationIsVisible = 0;
			defaultConfigurationName = Release;
		};
		6AC720382B0DD60B00ABE15D /* Build configuration list for PBXNativeTarget "TMDB" */ = {
			isa = XCConfigurationList;
			buildConfigurations = (
				6AC720392B0DD60B00ABE15D /* Debug */,
				6AC7203A2B0DD60B00ABE15D /* Release */,
			);
			defaultConfigurationIsVisible = 0;
			defaultConfigurationName = Release;
		};
/* End XCConfigurationList section */
	};
	rootObject = 6AC7201C2B0DD60900ABE15D /* Project object */;
}
